
Microsoft Visual Studio Solution File, Format Version 12.00
# Visual Studio 15
VisualStudioVersion = 15.0.26124.0
MinimumVisualStudioVersion = 15.0.26124.0
Project("{2150E333-8FDC-42A3-9474-1A3956D46DE8}") = "src", "src", "{47CAD786-257A-4606-AF35-93D15F9C0771}"
EndProject
Project("{FAE04EC0-301F-11D3-BF4B-00C04F79EFBC}") = "SimpleAPI", "src\SimpleAPI\SimpleAPI.csproj", "{9F0CE45C-774B-4E78-97D1-90376C6C5DC6}"
EndProject
Project("{2150E333-8FDC-42A3-9474-1A3956D46DE8}") = "test", "test", "{43E52200-031F-444D-B65C-A39F0E87228B}"
EndProject
Project("{FAE04EC0-301F-11D3-BF4B-00C04F79EFBC}") = "SimpleAPI.Test", "test\SimpleAPI.Test\SimpleAPI.Test.csproj", "{832DF082-5282-4D13-A7EA-B499FEF06D88}"
EndProject
Global
	GlobalSection(SolutionConfigurationPlatforms) = preSolution
		Debug|Any CPU = Debug|Any CPU
		Debug|x64 = Debug|x64
		Debug|x86 = Debug|x86
		Release|Any CPU = Release|Any CPU
		Release|x64 = Release|x64
		Release|x86 = Release|x86
	EndGlobalSection
	GlobalSection(SolutionProperties) = preSolution
		HideSolutionNode = FALSE
	EndGlobalSection
	GlobalSection(ProjectConfigurationPlatforms) = postSolution
		{9F0CE45C-774B-4E78-97D1-90376C6C5DC6}.Debug|Any CPU.ActiveCfg = Debug|Any CPU
		{9F0CE45C-774B-4E78-97D1-90376C6C5DC6}.Debug|Any CPU.Build.0 = Debug|Any CPU
		{9F0CE45C-774B-4E78-97D1-90376C6C5DC6}.Debug|x64.ActiveCfg = Debug|Any CPU
		{9F0CE45C-774B-4E78-97D1-90376C6C5DC6}.Debug|x64.Build.0 = Debug|Any CPU
		{9F0CE45C-774B-4E78-97D1-90376C6C5DC6}.Debug|x86.ActiveCfg = Debug|Any CPU
		{9F0CE45C-774B-4E78-97D1-90376C6C5DC6}.Debug|x86.Build.0 = Debug|Any CPU
		{9F0CE45C-774B-4E78-97D1-90376C6C5DC6}.Release|Any CPU.ActiveCfg = Release|Any CPU
		{9F0CE45C-774B-4E78-97D1-90376C6C5DC6}.Release|Any CPU.Build.0 = Release|Any CPU
		{9F0CE45C-774B-4E78-97D1-90376C6C5DC6}.Release|x64.ActiveCfg = Release|Any CPU
		{9F0CE45C-774B-4E78-97D1-90376C6C5DC6}.Release|x64.Build.0 = Release|Any CPU
		{9F0CE45C-774B-4E78-97D1-90376C6C5DC6}.Release|x86.ActiveCfg = Release|Any CPU
		{9F0CE45C-774B-4E78-97D1-90376C6C5DC6}.Release|x86.Build.0 = Release|Any CPU
		{832DF082-5282-4D13-A7EA-B499FEF06D88}.Debug|Any CPU.ActiveCfg = Debug|Any CPU
		{832DF082-5282-4D13-A7EA-B499FEF06D88}.Debug|Any CPU.Build.0 = Debug|Any CPU
		{832DF082-5282-4D13-A7EA-B499FEF06D88}.Debug|x64.ActiveCfg = Debug|Any CPU
		{832DF082-5282-4D13-A7EA-B499FEF06D88}.Debug|x64.Build.0 = Debug|Any CPU
		{832DF082-5282-4D13-A7EA-B499FEF06D88}.Debug|x86.ActiveCfg = Debug|Any CPU
		{832DF082-5282-4D13-A7EA-B499FEF06D88}.Debug|x86.Build.0 = Debug|Any CPU
		{832DF082-5282-4D13-A7EA-B499FEF06D88}.Release|Any CPU.ActiveCfg = Release|Any CPU
		{832DF082-5282-4D13-A7EA-B499FEF06D88}.Release|Any CPU.Build.0 = Release|Any CPU
		{832DF082-5282-4D13-A7EA-B499FEF06D88}.Release|x64.ActiveCfg = Release|Any CPU
		{832DF082-5282-4D13-A7EA-B499FEF06D88}.Release|x64.Build.0 = Release|Any CPU
		{832DF082-5282-4D13-A7EA-B499FEF06D88}.Release|x86.ActiveCfg = Release|Any CPU
		{832DF082-5282-4D13-A7EA-B499FEF06D88}.Release|x86.Build.0 = Release|Any CPU
	EndGlobalSection
	GlobalSection(NestedProjects) = preSolution
		{9F0CE45C-774B-4E78-97D1-90376C6C5DC6} = {47CAD786-257A-4606-AF35-93D15F9C0771}
		{832DF082-5282-4D13-A7EA-B499FEF06D88} = {43E52200-031F-444D-B65C-A39F0E87228B}
	EndGlobalSection
EndGlobal
